version = 1
revision = 3
requires-python = "==3.12.*"

[[package]]
name = "annotated-types"
version = "0.8.0"
source = { registry = "https://pypi.org/simple" }
sdist = { url = "https://files.pythonhosted.org/packages/5f/56/a8120250d128bed162cd73c76d45f6ef9991f3e068f62a8ee060afa3104a/annotated_types-0.8.0.tar.gz", hash = "sha256:13b2beaad985e05e2d6407ee4c4f35590b11f8d693a258a561055cac8f64cab7", size = 15893, upload-time = "2026-07-23T20:16:13.995Z" }
wheels = [
    { url = "https://files.pythonhosted.org/packages/99/91/8acff4f5e50511b911bbccb72b8628a49c68ce14148cd9f6431094859a90/annotated_types-0.8.0-py3-none-any.whl", hash = "sha256:f072f4d804ea359e4eaf198b1af7a8b0943881a87f31bb764f8bf219bb9419e0", size = 13427, upload-time = "2026-07-23T20:16:12.938Z" },
]

[[package]]
name = "grpcio"
version = "1.73.1"
source = { registry = "https://pypi.org/simple" }
sdist = { url = "https://files.pythonhosted.org/packages/79/e8/b43b851537da2e2f03fa8be1aef207e5cbfb1a2e014fbb6b40d24c177cd3/grpcio-1.73.1.tar.gz", hash = "sha256:7fce2cd1c0c1116cf3850564ebfc3264fba75d3c74a7414373f1238ea365ef87", size = 12730355, upload-time = "2025-06-26T01:53:24.622Z" }
wheels = [
    { url = "https://files.pythonhosted.org/packages/b8/41/456caf570c55d5ac26f4c1f2db1f2ac1467d5bf3bcd660cba3e0a25b195f/grpcio-1.73.1-cp312-cp312-linux_armv7l.whl", hash = "sha256:921b25618b084e75d424a9f8e6403bfeb7abef074bb6c3174701e0f2542debcf", size = 5334621, upload-time = "2025-06-26T01:52:23.602Z" },
    { url = "https://files.pythonhosted.org/packages/2a/c2/9a15e179e49f235bb5e63b01590658c03747a43c9775e20c4e13ca04f4c4/grpcio-1.73.1-cp312-cp312-macosx_11_0_universal2.whl", hash = "sha256:277b426a0ed341e8447fbf6c1d6b68c952adddf585ea4685aa563de0f03df887", size = 10601131, upload-time = "2025-06-26T01:52:25.691Z" },
    { url = "https://files.pythonhosted.org/packages/0c/1d/1d39e90ef6348a0964caa7c5c4d05f3bae2c51ab429eb7d2e21198ac9b6d/grpcio-1.73.1-cp312-cp312-manylinux_2_17_aarch64.whl", hash = "sha256:96c112333309493c10e118d92f04594f9055774757f5d101b39f8150f8c25582", size = 5759268, upload-time = "2025-06-26T01:52:27.631Z" },
    { url = "https://files.pythonhosted.org/packages/8a/2b/2dfe9ae43de75616177bc576df4c36d6401e0959833b2e5b2d58d50c1f6b/grpcio-1.73.1-cp312-cp312-manylinux_2_17_i686.manylinux2014_i686.whl", hash = "sha256:f48e862aed925ae987eb7084409a80985de75243389dc9d9c271dd711e589918", size = 6409791, upload-time = "2025-06-26T01:52:29.711Z" },
    { url = "https://files.pythonhosted.org/packages/6e/66/e8fe779b23b5a26d1b6949e5c70bc0a5fd08f61a6ec5ac7760d589229511/grpcio-1.73.1-cp312-cp312-manylinux_2_17_x86_64.manylinux2014_x86_64.whl", hash = "sha256:83a6c2cce218e28f5040429835fa34a29319071079e3169f9543c3fbeff166d2", size = 6003728, upload-time = "2025-06-26T01:52:31.352Z" },
    { url = "https://files.pythonhosted.org/packages/a9/39/57a18fcef567784108c4fc3f5441cb9938ae5a51378505aafe81e8e15ecc/grpcio-1.73.1-cp312-cp312-musllinux_1_1_aarch64.whl", hash = "sha256:65b0458a10b100d815a8426b1442bd17001fdb77ea13665b2f7dc9e8587fdc6b", size = 6103364, upload-time = "2025-06-26T01:52:33.028Z" },
    { url = "https://files.pythonhosted.org/packages/c5/46/28919d2aa038712fc399d02fa83e998abd8c1f46c2680c5689deca06d1b2/grpcio-1.73.1-cp312-cp312-musllinux_1_1_i686.whl", hash = "sha256:0a9f3ea8dce9eae9d7cb36827200133a72b37a63896e0e61a9d5ec7d61a59ab1", size = 6749194, upload-time = "2025-06-26T01:52:34.734Z" },
    { url = "https://files.pythonhosted.org/packages/3d/56/3898526f1fad588c5d19a29ea0a3a4996fb4fa7d7c02dc1be0c9fd188b62/grpcio-1.73.1-cp312-cp312-musllinux_1_1_x86_64.whl", hash = "sha256:de18769aea47f18e782bf6819a37c1c528914bfd5683b8782b9da356506190c8", size = 6283902, upload-time = "2025-06-26T01:52:36.503Z" },
    { url = "https://files.pythonhosted.org/packages/dc/64/18b77b89c5870d8ea91818feb0c3ffb5b31b48d1b0ee3e0f0d539730fea3/grpcio-1.73.1-cp312-cp312-win32.whl", hash = "sha256:24e06a5319e33041e322d32c62b1e728f18ab8c9dbc91729a3d9f9e3ed336642", size = 3668687, upload-time = "2025-06-26T01:52:38.678Z" },
    { url = "https://files.pythonhosted.org/packages/3c/52/302448ca6e52f2a77166b2e2ed75f5d08feca4f2145faf75cb768cccb25b/grpcio-1.73.1-cp312-cp312-win_amd64.whl", hash = "sha256:303c8135d8ab176f8038c14cc10d698ae1db9c480f2b2823f7a987aa2a4c5646", size = 4334887, upload-time = "2025-06-26T01:52:40.743Z" },
]

[[package]]
name = "grpcio-health-checking"
version = "1.73.1"
source = { registry = "https://pypi.org/simple" }
dependencies = [
    { name = "grpcio" },
    { name = "protobuf" },
]
sdist = { url = "https://files.pythonhosted.org/packages/72/d8/81b0e9b2e3cf82c61bd66e7e572878e7402d4ff3f793da18385dfcdb4113/grpcio_health_checking-1.73.1.tar.gz", hash = "sha256:352753713edeba3f23ea8a3320c5752bee186002d9475a654f5f815ff4e06345", size = 16763, upload-time = "2025-06-26T02:02:57.354Z" }
wheels = [
    { url = "https://files.pythonhosted.org/packages/93/ae/1e858845b9120b757d64f96096a15ce5a2077e5304fdd8dac79c630f8953/grpcio_health_checking-1.73.1-py3-none-any.whl", hash = "sha256:d5fa49c3a2d67d7622690ddf6677a429264f35d1b2ef80bf58e3ffe88a1154c0", size = 18921, upload-time = "2025-06-26T02:02:36.97Z" },
]

[[package]]
name = "grpcio-tools"
version = "1.73.1"
source = { registry = "https://pypi.org/simple" }
dependencies = [
    { name = "grpcio" },
    { name = "protobuf" },
    { name = "setuptools" },
]
sdist = { url = "https://files.pythonhosted.org/packages/63/b6/b185a351b4b00df88a1c7558eb3bcc05a4f53c36071b84d4f8a4db53f105/grpcio_tools-1.73.1.tar.gz", hash = "sha256:6e06adec3b0870f5947953b0ef8dbdf2cebcdff61fb1fe08120cc7483c7978aa", size = 5429529, upload-time = "2025-06-26T01:56:15.729Z" }
wheels = [
    { url = "https://files.pythonhosted.org/packages/c8/8a/eab18f1810ff419dff34d18442cda7656a1e8267c5167e82c8fab5f11720/grpcio_tools-1.73.1-cp312-cp312-linux_armv7l.whl", hash = "sha256:23af3de80c89ee803d0143c6293f8e979a851f0414702b5de973e205fca69db2", size = 2541816, upload-time = "2025-06-26T01:55:18.836Z" },
    { url = "https://files.pythonhosted.org/packages/fa/b9/72b45d5dd5ec0ade82ad8d06c4cf72f3735ddb8c87c8121366b6282143da/grpcio_tools-1.73.1-cp312-cp312-macosx_11_0_universal2.whl", hash = "sha256:fbf17ad6fff6c9002d28bc3632216eafb59631308b05c4cf80e72d21c33f7dc9", size = 5829980, upload-time = "2025-06-26T01:55:20.328Z" },
    { url = "https://files.pythonhosted.org/packages/81/ce/96c1e89df25047f5c7f374de46aeddffd479d6cefd8c2b852fac81d05b19/grpcio_tools-1.73.1-cp312-cp312-manylinux_2_17_aarch64.whl", hash = "sha256:aa05ecd0b2ca583862d107eea4d9480a2d89987ae46bc02944cc450a122f833b", size = 2521909, upload-time = "2025-06-26T01:55:22.288Z" },
    { url = "https://files.pythonhosted.org/packages/80/6b/b30c6ae86ee5e90368996bba678f8a2dd6fc991054ce604bd10e9a6e3954/grpcio_tools-1.73.1-cp312-cp312-manylinux_2_17_i686.manylinux2014_i686.whl", hash = "sha256:664fbec02f93d14bb74c442e06ba20a4448a20236ed3d6ac5d2c4ef82a33a8b4", size = 2919133, upload-time = "2025-06-26T01:55:24.258Z" },
    { url = "https://files.pythonhosted.org/packages/53/6b/40841ea6a5b7588f64f72a2fea7fd8e1435231df9618282edd38b1b2cdb5/grpcio_tools-1.73.1-cp312-cp312-manylinux_2_17_x86_64.manylinux2014_x86_64.whl", hash = "sha256:60aa528d7576c932f43172723188f53aaa7bdb307e52d22f2e5ab831a3667693", size = 2656079, upload-time = "2025-06-26T01:55:26.005Z" },
    { url = "https://files.pythonhosted.org/packages/ae/ae/30d94b63499cb55b60cbd223b0b28569fc232ca422423bac85093e3dd494/grpcio_tools-1.73.1-cp312-cp312-musllinux_1_1_aarch64.whl", hash = "sha256:3893517010bcdb8cb4949715786bc5953fe7df6b575f8b1725531ed492b1080c", size = 3054827, upload-time = "2025-06-26T01:55:27.888Z" },
    { url = "https://files.pythonhosted.org/packages/ff/79/d7998a3bb53261da22a8e6dc77406eb52c4678c445107aeaddb4a46be3b0/grpcio_tools-1.73.1-cp312-cp312-musllinux_1_1_i686.whl", hash = "sha256:654083a2d4e83679d4fb6ac46a2748c1b57ecf45be5cbe88d88a1a4aef6b3281", size = 3514026, upload-time = "2025-06-26T01:55:29.851Z" },
    { url = "https://files.pythonhosted.org/packages/b7/bc/36d3e5239b458c86f1b1f167740288ea1a6419540586696d93fcbc2e08fe/grpcio_tools-1.73.1-cp312-cp312-musllinux_1_1_x86_64.whl", hash = "sha256:cd8b1077849acd69923b08a8e5221050e5201eb65907487ee6d69aa06b583b46", size = 3116478, upload-time = "2025-06-26T01:55:31.85Z" },
    { url = "https://files.pythonhosted.org/packages/47/ed/6a29660ed5e13b2be894ff5d2e48b28be1951bb06a7d5c3afe314a772001/grpcio_tools-1.73.1-cp312-cp312-win32.whl", hash = "sha256:0273f64c8db4a52a3a99fd34c83a1a1723bd3ac6806d3054a93f08044609fa65", size = 980690, upload-time = "2025-06-26T01:55:33.503Z" },
    { url = "https://files.pythonhosted.org/packages/15/f6/abfbcd96de1b75903e679d0ed1179c8fe607c9782824a19ce668b1e778c6/grpcio_tools-1.73.1-cp312-cp312-win_amd64.whl", hash = "sha256:0626266b0df489d6e8bdd4178b1c78cac9963fde4c5ba6b205b329e46696b334", size = 1152214, upload-time = "2025-06-26T01:55:35.239Z" },
]

[[package]]
name = "medassist-common"
version = "0.1.0"
source = { editable = "." }
dependencies = [
    { name = "grpcio" },
    { name = "grpcio-health-checking" },
    { name = "pydantic" },
    { name = "pydantic-settings" },
    { name = "python-json-logger" },
]

[package.dev-dependencies]
dev = [
    { name = "grpcio-tools" },
]

[package.metadata]
requires-dist = [
    { name = "grpcio", specifier = "==1.73.1" },
    { name = "grpcio-health-checking", specifier = "==1.73.1" },
    { name = "pydantic", specifier = "==2.11.7" },
    { name = "pydantic-settings", specifier = "==2.10.1" },
    { name = "python-json-logger", specifier = "==3.3.0" },
]

[package.metadata.requires-dev]
dev = [{ name = "grpcio-tools", specifier = "==1.73.1" }]

[[package]]
name = "protobuf"
version = "6.33.6"
source = { registry = "https://pypi.org/simple" }
sdist = { url = "https://files.pythonhosted.org/packages/66/70/e908e9c5e52ef7c3a6c7902c9dfbb34c7e29c25d2f81ade3856445fd5c94/protobuf-6.33.6.tar.gz", hash = "sha256:a6768d25248312c297558af96a9f9c929e8c4cee0659cb07e780731095f38135", size = 444531, upload-time = "2026-03-18T19:05:00.988Z" }
wheels = [
    { url = "https://files.pythonhosted.org/packages/fc/9f/2f509339e89cfa6f6a4c4ff50438db9ca488dec341f7e454adad60150b00/protobuf-6.33.6-cp310-abi3-win32.whl", hash = "sha256:7d29d9b65f8afef196f8334e80d6bc1d5d4adedb449971fefd3723824e6e77d3", size = 425739, upload-time = "2026-03-18T19:04:48.373Z" },
    { url = "https://files.pythonhosted.org/packages/76/5d/683efcd4798e0030c1bab27374fd13a89f7c2515fb1f3123efdfaa5eab57/protobuf-6.33.6-cp310-abi3-win_amd64.whl", hash = "sha256:0cd27b587afca21b7cfa59a74dcbd48a50f0a6400cfb59391340ad729d91d326", size = 437089, upload-time = "2026-03-18T19:04:50.381Z" },
    { url = "https://files.pythonhosted.org/packages/5c/01/a3c3ed5cd186f39e7880f8303cc51385a198a81469d53d0fdecf1f64d929/protobuf-6.33.6-cp39-abi3-macosx_10_9_universal2.whl", hash = "sha256:9720e6961b251bde64edfdab7d500725a2af5280f3f4c87e57c0208376aa8c3a", size = 427737, upload-time = "2026-03-18T19:04:51.866Z" },
    { url = "https://files.pythonhosted.org/packages/ee/90/b3c01fdec7d2f627b3a6884243ba328c1217ed2d978def5c12dc50d328a3/protobuf-6.33.6-cp39-abi3-manylinux2014_aarch64.whl", hash = "sha256:e2afbae9b8e1825e3529f88d514754e094278bb95eadc0e199751cdd9a2e82a2", size = 324610, upload-time = "2026-03-18T19:04:53.096Z" },
    { url = "https://files.pythonhosted.org/packages/9b/ca/25afc144934014700c52e05103c2421997482d561f3101ff352e1292fb81/protobuf-6.33.6-cp39-abi3-manylinux2014_s390x.whl", hash = "sha256:c96c37eec15086b79762ed265d59ab204dabc53056e3443e702d2681f4b39ce3", size = 339381, upload-time = "2026-03-18T19:04:54.616Z" },
    { url = "https://files.pythonhosted.org/packages/16/92/d1e32e3e0d894fe00b15ce28ad4944ab692713f2e7f0a99787405e43533a/protobuf-6.33.6-cp39-abi3-manylinux2014_x86_64.whl", hash = "sha256:e9db7e292e0ab79dd108d7f1a94fe31601ce1ee3f7b79e0692043423020b0593", size = 323436, upload-time = "2026-03-18T19:04:55.768Z" },
    { url = "https://files.pythonhosted.org/packages/c4/72/02445137af02769918a93807b2b7890047c32bfb9f90371cbc12688819eb/protobuf-6.33.6-py3-none-any.whl", hash = "sha256:77179e006c476e69bf8e8ce866640091ec42e1beb80b213c3900006ecfba6901", size = 170656, upload-time = "2026-03-18T19:04:59.826Z" },
]

[[package]]
name = "pydantic"
version = "2.11.7"
source = { registry = "https://pypi.org/simple" }
dependencies = [
    { name = "annotated-types" },
    { name = "pydantic-core" },
    { name = "typing-extensions" },
    { name = "typing-inspection" },
]
sdist = { url = "https://files.pythonhosted.org/packages/00/dd/4325abf92c39ba8623b5af936ddb36ffcfe0beae70405d456ab1fb2f5b8c/pydantic-2.11.7.tar.gz", hash = "sha256:d989c3c6cb79469287b1569f7447a17848c998458d49ebe294e975b9baf0f0db", size = 788350, upload-time = "2025-06-14T08:33:17.137Z" }
wheels = [
    { url = "https://files.pythonhosted.org/packages/6a/c0/ec2b1c8712ca690e5d61979dee872603e92b8a32f94cc1b72d53beab008a/pydantic-2.11.7-py3-none-any.whl", hash = "sha256:dde5df002701f6de26248661f6835bbe296a47bf73990135c7d07ce741b9623b", size = 444782, upload-time = "2025-06-14T08:33:14.905Z" },
]

[[package]]
name = "pydantic-core"
version = "2.33.2"
source = { registry = "https://pypi.org/simple" }
dependencies = [
    { name = "typing-extensions" },
]
sdist = { url = "https://files.pythonhosted.org/packages/ad/88/5f2260bdfae97aabf98f1778d43f69574390ad787afb646292a638c923d4/pydantic_core-2.33.2.tar.gz", hash = "sha256:7cb8bc3605c29176e1b105350d2e6474142d7c1bd1d9327c4a9bdb46bf827acc", size = 435195, upload-time = "2025-04-23T18:33:52.104Z" }
wheels = [
    { url = "https://files.pythonhosted.org/packages/18/8a/2b41c97f554ec8c71f2a8a5f85cb56a8b0956addfe8b0efb5b3d77e8bdc3/pydantic_core-2.33.2-cp312-cp312-macosx_10_12_x86_64.whl", hash = "sha256:a7ec89dc587667f22b6a0b6579c249fca9026ce7c333fc142ba42411fa243cdc", size = 2009000, upload-time = "2025-04-23T18:31:25.863Z" },
    { url = "https://files.pythonhosted.org/packages/a1/02/6224312aacb3c8ecbaa959897af57181fb6cf3a3d7917fd44d0f2917e6f2/pydantic_core-2.33.2-cp312-cp312-macosx_11_0_arm64.whl", hash = "sha256:3c6db6e52c6d70aa0d00d45cdb9b40f0433b96380071ea80b09277dba021ddf7", size = 1847996, upload-time = "2025-04-23T18:31:27.341Z" },
    { url = "https://files.pythonhosted.org/packages/d6/46/6dcdf084a523dbe0a0be59d054734b86a981726f221f4562aed313dbcb49/pydantic_core-2.33.2-cp312-cp312-manylinux_2_17_aarch64.manylinux2014_aarch64.whl", hash = "sha256:4e61206137cbc65e6d5256e1166f88331d3b6238e082d9f74613b9b765fb9025", size = 1880957, upload-time = "2025-04-23T18:31:28.956Z" },
    { url = "https://files.pythonhosted.org/packages/ec/6b/1ec2c03837ac00886ba8160ce041ce4e325b41d06a034adbef11339ae422/pydantic_core-2.33.2-cp312-cp312-manylinux_2_17_armv7l.manylinux2014_armv7l.whl", hash = "sha256:eb8c529b2819c37140eb51b914153063d27ed88e3bdc31b71198a198e921e011", size = 1964199, upload-time = "2025-04-23T18:31:31.025Z" },
    { url = "https://files.pythonhosted.org/packages/2d/1d/6bf34d6adb9debd9136bd197ca72642203ce9aaaa85cfcbfcf20f9696e83/pydantic_core-2.33.2-cp312-cp312-manylinux_2_17_ppc64le.manylinux2014_ppc64le.whl", hash = "sha256:c52b02ad8b4e2cf14ca7b3d918f3eb0ee91e63b3167c32591e57c4317e134f8f", size = 2120296, upload-time = "2025-04-23T18:31:32.514Z" },
    { url = "https://files.pythonhosted.org/packages/e0/94/2bd0aaf5a591e974b32a9f7123f16637776c304471a0ab33cf263cf5591a/pydantic_core-2.33.2-cp312-cp312-manylinux_2_17_s390x.manylinux2014_s390x.whl", hash = "sha256:96081f1605125ba0855dfda83f6f3df5ec90c61195421ba72223de35ccfb2f88", size = 2676109, upload-time = "2025-04-23T18:31:33.958Z" },
    { url = "https://files.pythonhosted.org/packages/f9/41/4b043778cf9c4285d59742281a769eac371b9e47e35f98ad321349cc5d61/pydantic_core-2.33.2-cp312-cp312-manylinux_2_17_x86_64.manylinux2014_x86_64.whl", hash = "sha256:8f57a69461af2a5fa6e6bbd7a5f60d3b7e6cebb687f55106933188e79ad155c1", size = 2002028, upload-time = "2025-04-23T18:31:39.095Z" },
    { url = "https://files.pythonhosted.org/packages/cb/d5/7bb781bf2748ce3d03af04d5c969fa1308880e1dca35a9bd94e1a96a922e/pydantic_core-2.33.2-cp312-cp312-manylinux_2_5_i686.manylinux1_i686.whl", hash = "sha256:572c7e6c8bb4774d2ac88929e3d1f12bc45714ae5ee6d9a788a9fb35e60bb04b", size = 2100044, upload-time = "2025-04-23T18:31:41.034Z" },
    { url = "https://files.pythonhosted.org/packages/fe/36/def5e53e1eb0ad896785702a5bbfd25eed546cdcf4087ad285021a90ed53/pydantic_core-2.33.2-cp312-cp312-musllinux_1_1_aarch64.whl", hash = "sha256:db4b41f9bd95fbe5acd76d89920336ba96f03e149097365afe1cb092fceb89a1", size = 2058881, upload-time = "2025-04-23T18:31:42.757Z" },
    { url = "https://files.pythonhosted.org/packages/01/6c/57f8d70b2ee57fc3dc8b9610315949837fa8c11d86927b9bb044f8705419/pydantic_core-2.33.2-cp312-cp312-musllinux_1_1_armv7l.whl", hash = "sha256:fa854f5cf7e33842a892e5c73f45327760bc7bc516339fda888c75ae60edaeb6", size = 2227034, upload-time = "2025-04-23T18:31:44.304Z" },
    { url = "https://files.pythonhosted.org/packages/27/b9/9c17f0396a82b3d5cbea4c24d742083422639e7bb1d5bf600e12cb176a13/pydantic_core-2.33.2-cp312-cp312-musllinux_1_1_x86_64.whl", hash = "sha256:5f483cfb75ff703095c59e365360cb73e00185e01aaea067cd19acffd2ab20ea", size = 2234187, upload-time = "2025-04-23T18:31:45.891Z" },
    { url = "https://files.pythonhosted.org/packages/b0/6a/adf5734ffd52bf86d865093ad70b2ce543415e0e356f6cacabbc0d9ad910/pydantic_core-2.33.2-cp312-cp312-win32.whl", hash = "sha256:9cb1da0f5a471435a7bc7e439b8a728e8b61e59784b2af70d7c169f8dd8ae290", size = 1892628, upload-time = "2025-04-23T18:31:47.819Z" },
    { url = "https://files.pythonhosted.org/packages/43/e4/5479fecb3606c1368d496a825d8411e126133c41224c1e7238be58b87d7e/pydantic_core-2.33.2-cp312-cp312-win_amd64.whl", hash = "sha256:f941635f2a3d96b2973e867144fde513665c87f13fe0e193c158ac51bfaaa7b2", size = 1955866, upload-time = "2025-04-23T18:31:49.635Z" },
    { url = "https://files.pythonhosted.org/packages/0d/24/8b11e8b3e2be9dd82df4b11408a67c61bb4dc4f8e11b5b0fc888b38118b5/pydantic_core-2.33.2-cp312-cp312-win_arm64.whl", hash = "sha256:cca3868ddfaccfbc4bfb1d608e2ccaaebe0ae628e1416aeb9c4d88c001bb45ab", size = 1888894, upload-time = "2025-04-23T18:31:51.609Z" },
]

[[package]]
name = "pydantic-settings"
version = "2.10.1"
source = { registry = "https://pypi.org/simple" }
dependencies = [
    { name = "pydantic" },
    { name = "python-dotenv" },
    { name = "typing-inspection" },
]
sdist = { url = "https://files.pythonhosted.org/packages/68/85/1ea668bbab3c50071ca613c6ab30047fb36ab0da1b92fa8f17bbc38fd36c/pydantic_settings-2.10.1.tar.gz", hash = "sha256:06f0062169818d0f5524420a360d632d5857b83cffd4d42fe29597807a1614ee", size = 172583, upload-time = "2025-06-24T13:26:46.841Z" }
wheels = [
    { url = "https://files.pythonhosted.org/packages/58/f0/427018098906416f580e3cf1366d3b1abfb408a0652e9f31600c24a1903c/pydantic_settings-2.10.1-py3-none-any.whl", hash = "sha256:a60952460b99cf661dc25c29c0ef171721f98bfcb52ef8d9ea4c943d7c8cc796", size = 45235, upload-time = "2025-06-24T13:26:45.485Z" },
]

[[package]]
name = "python-dotenv"
version = "1.2.2"
source = { registry = "https://pypi.org/simple" }
sdist = { url = "https://files.pythonhosted.org/packages/82/ed/0301aeeac3e5353ef3d94b6ec08bbcabd04a72018415dcb29e588514bba8/python_dotenv-1.2.2.tar.gz", hash = "sha256:2c371a91fbd7ba082c2c1dc1f8bf89ca22564a087c2c287cd9b662adde799cf3", size = 50135, upload-time = "2026-03-01T16:00:26.196Z" }
wheels = [
    { url = "https://files.pythonhosted.org/packages/0b/d7/1959b9648791274998a9c3526f6d0ec8fd2233e4d4acce81bbae76b44b2a/python_dotenv-1.2.2-py3-none-any.whl", hash = "sha256:1d8214789a24de455a8b8bd8ae6fe3c6b69a5e3d64aa8a8e5d68e694bbcb285a", size = 22101, upload-time = "2026-03-01T16:00:25.09Z" },
]

[[package]]
name = "python-json-logger"
version = "3.3.0"
source = { registry = "https://pypi.org/simple" }
sdist = { url = "https://files.pythonhosted.org/packages/9e/de/d3144a0bceede957f961e975f3752760fbe390d57fbe194baf709d8f1f7b/python_json_logger-3.3.0.tar.gz", hash = "sha256:12b7e74b17775e7d565129296105bbe3910842d9d0eb083fc83a6a617aa8df84", size = 16642, upload-time = "2025-03-07T07:08:27.301Z" }
wheels = [
    { url = "https://files.pythonhosted.org/packages/08/20/0f2523b9e50a8052bc6a8b732dfc8568abbdc42010aef03a2d750bdab3b2/python_json_logger-3.3.0-py3-none-any.whl", hash = "sha256:dd980fae8cffb24c13caf6e158d3d61c0d6d22342f932cb6e9deedab3d35eec7", size = 15163, upload-time = "2025-03-07T07:08:25.627Z" },
]

[[package]]
name = "setuptools"
version = "83.0.0"
source = { registry = "https://pypi.org/simple" }
sdist = { url = "https://files.pythonhosted.org/packages/34/26/f5d29e25ffdb535afef2d35cdb55b325298f96debd670da4c325e08d70f4/setuptools-83.0.0.tar.gz", hash = "sha256:025bccbbf0fa05b6192bc64ae1e7b16e001fd6d6d4d5de03c97b1c1ade523bef", size = 1154254, upload-time = "2026-07-04T15:31:22.699Z" }
wheels = [
    { url = "https://files.pythonhosted.org/packages/5d/40/e1e72872c6354b306daef1703549e8e83b4d43cfea356311bf722a043752/setuptools-83.0.0-py3-none-any.whl", hash = "sha256:29b23c360f22f414dc7336bb39178cc7bcbf6021ed2733cde173f09dba19abb3", size = 1008090, upload-time = "2026-07-04T15:31:20.885Z" },
]

[[package]]
name = "typing-extensions"
version = "4.16.0"
source = { registry = "https://pypi.org/simple" }
sdist = { url = "https://files.pythonhosted.org/packages/f6/cc/6253133b5bb138fc3306cebfbda2c520f545d36b5be2c7255cc528bb45d6/typing_extensions-4.16.0.tar.gz", hash = "sha256:dc983d19a509c94dba722ee6abd33940f7c05a89e243c47e907eb4db6f1a43e5", size = 113555, upload-time = "2026-07-02T08:40:05.92Z" }
wheels = [
    { url = "https://files.pythonhosted.org/packages/49/d3/b8441a820a491ddfc024b0b0cf0393375b75ea13866d9c66727e54c2fc80/typing_extensions-4.16.0-py3-none-any.whl", hash = "sha256:481caa481374e813c1b176ada14e97f1f67a4539ce9cfeb3f350d78d6370c2e8", size = 45571, upload-time = "2026-07-02T08:40:04.659Z" },
]

[[package]]
name = "typing-inspection"
version = "0.4.2"
source = { registry = "https://pypi.org/simple" }
dependencies = [
    { name = "typing-extensions" },
]
sdist = { url = "https://files.pythonhosted.org/packages/55/e3/70399cb7dd41c10ac53367ae42139cf4b1ca5f36bb3dc6c9d33acdb43655/typing_inspection-0.4.2.tar.gz", hash = "sha256:ba561c48a67c5958007083d386c3295464928b01faa735ab8547c5692e87f464", size = 75949, upload-time = "2025-10-01T02:14:41.687Z" }
wheels = [
    { url = "https://files.pythonhosted.org/packages/dc/9b/47798a6c91d8bdb567fe2698fe81e0c6b7cb7ef4d13da4114b41d239f65d/typing_inspection-0.4.2-py3-none-any.whl", hash = "sha256:4ed1cacbdc298c220f1bd249ed5287caa16f34d44ef4e9c3d0cbad5b521545e7", size = 14611, upload-time = "2025-10-01T02:14:40.154Z" },
]
